
Microsoft Visual Studio Solution File, Format Version 12.00
# Visual Studio Version 16
VisualStudioVersion = 16.0.30330.147
MinimumVisualStudioVersion = 15.0.26124.0
Project("{9A19103F-16F7-4668-BE54-9A1E7A4F7556}") = "Boo.Lang", "Boo.Lang\Boo.Lang.csproj", "{FDFD7F04-F0C5-4405-864C-665403F4C2A2}"
EndProject
Global
	GlobalSection(SolutionConfigurationPlatforms) = preSolution
		Debug|Any CPU = Debug|Any CPU
		Debug|x64 = Debug|x64
		Debug|x86 = Debug|x86
		Release|Any CPU = Release|Any CPU
		Release|x64 = Release|x64
		Release|x86 = Release|x86
	EndGlobalSection
	GlobalSection(ProjectConfigurationPlatforms) = postSolution
		{FDFD7F04-F0C5-4405-864C-665403F4C2A2}.Debug|Any CPU.ActiveCfg = Debug|Any CPU
		{FDFD7F04-F0C5-4405-864C-665403F4C2A2}.Debug|Any CPU.Build.0 = Debug|Any CPU
		{FDFD7F04-F0C5-4405-864C-665403F4C2A2}.Debug|x64.ActiveCfg = Debug|Any CPU
		{FDFD7F04-F0C5-4405-864C-665403F4C2A2}.Debug|x64.Build.0 = Debug|Any CPU
		{FDFD7F04-F0C5-4405-864C-665403F4C2A2}.Debug|x86.ActiveCfg = Debug|Any CPU
		{FDFD7F04-F0C5-4405-864C-665403F4C2A2}.Debug|x86.Build.0 = Debug|Any CPU
		{FDFD7F04-F0C5-4405-864C-665403F4C2A2}.Release|Any CPU.ActiveCfg = Release|Any CPU
		{FDFD7F04-F0C5-4405-864C-665403F4C2A2}.Release|Any CPU.Build.0 = Release|Any CPU
		{FDFD7F04-F0C5-4405-864C-665403F4C2A2}.Release|x64.ActiveCfg = Release|Any CPU
		{FDFD7F04-F0C5-4405-864C-665403F4C2A2}.Release|x64.Build.0 = Release|Any CPU
		{FDFD7F04-F0C5-4405-864C-665403F4C2A2}.Release|x86.ActiveCfg = Release|Any CPU
		{FDFD7F04-F0C5-4405-864C-665403F4C2A2}.Release|x86.Build.0 = Release|Any CPU
	EndGlobalSection
	GlobalSection(SolutionProperties) = preSolution
		HideSolutionNode = FALSE
	EndGlobalSection
	GlobalSection(ExtensibilityGlobals) = postSolution
		SolutionGuid = {09C81094-920E-48DD-94A7-68D29C648B5A}
	EndGlobalSection
EndGlobal
